// !$*UTF8*$!
{
	archiveVersion = 1;
	classes = {
	};
	objectVersion = 46;
	objects = {

/* Begin PBXBuildFile section */
		052155DA757B0752482E71BD /* Pods.framework in Frameworks */ = {isa = PBXBuildFile; fileRef = 009B0B61EF1DEC35F92C2FAC /* Pods.framework */; };
		D13382921CDAB23200347302 /* Logo@x58.png in Resources */ = {isa = PBXBuildFile; fileRef = D133828C1CDAB23200347302 /* Logo@x58.png */; };
		D13382931CDAB23200347302 /* Logo@x76.png in Resources */ = {isa = PBXBuildFile; fileRef = D133828D1CDAB23200347302 /* Logo@x76.png */; };
		D13382941CDAB23200347302 /* Logo@x80.png in Resources */ = {isa = PBXBuildFile; fileRef = D133828E1CDAB23200347302 /* Logo@x80.png */; };
		D13382951CDAB23200347302 /* Logo@x83.5.png in Resources */ = {isa = PBXBuildFile; fileRef = D133828F1CDAB23200347302 /* Logo@x83.5.png */; };
		D13382961CDAB23200347302 /* Logo@x87.png in Resources */ = {isa = PBXBuildFile; fileRef = D13382901CDAB23200347302 /* Logo@x87.png */; };
		D13382971CDAB23200347302 /* Logo@x120.png in Resources */ = {isa = PBXBuildFile; fileRef = D13382911CDAB23200347302 /* Logo@x120.png */; };
		D13382991CDAB5E800347302 /* Logo@x180.png in Resources */ = {isa = PBXBuildFile; fileRef = D13382981CDAB5E800347302 /* Logo@x180.png */; };
		D133829B1CDAB79500347302 /* Logo@x29.png in Resources */ = {isa = PBXBuildFile; fileRef = D133829A1CDAB79500347302 /* Logo@x29.png */; };
		D133829E1CDAB97400347302 /* Logo@x57.png in Resources */ = {isa = PBXBuildFile; fileRef = D133829C1CDAB97400347302 /* Logo@x57.png */; };
		D13382A11CDABA2500347302 /* Logo@x114.png in Resources */ = {isa = PBXBuildFile; fileRef = D13382A01CDABA2500347302 /* Logo@x114.png */; };
		D13658991C55BC4A005AEC61 /* backButton.png in Resources */ = {isa = PBXBuildFile; fileRef = D13658971C55BC4A005AEC61 /* backButton.png */; };
		D136589A1C55BC4A005AEC61 /* backButton@x3.png in Resources */ = {isa = PBXBuildFile; fileRef = D13658981C55BC4A005AEC61 /* backButton@x3.png */; };
		D136589E1C55BF5C005AEC61 /* cameraButton.png in Resources */ = {isa = PBXBuildFile; fileRef = D136589C1C55BF5C005AEC61 /* cameraButton.png */; };
		D136589F1C55BF5C005AEC61 /* cameraButton@x3.png in Resources */ = {isa = PBXBuildFile; fileRef = D136589D1C55BF5C005AEC61 /* cameraButton@x3.png */; };
		D1372FD71C959274009DCA29 /* flashDisabledButton.png in Resources */ = {isa = PBXBuildFile; fileRef = D1372FD31C959273009DCA29 /* flashDisabledButton.png */; };
		D1372FD81C959274009DCA29 /* flashDisabledButton@x3.png in Resources */ = {isa = PBXBuildFile; fileRef = D1372FD41C959274009DCA29 /* flashDisabledButton@x3.png */; };
		D1372FD91C959274009DCA29 /* flashEnabledButton.png in Resources */ = {isa = PBXBuildFile; fileRef = D1372FD51C959274009DCA29 /* flashEnabledButton.png */; };
		D1372FDA1C959274009DCA29 /* flashEnabledButton@x3.png in Resources */ = {isa = PBXBuildFile; fileRef = D1372FD61C959274009DCA29 /* flashEnabledButton@x3.png */; };
		D137E8771CA95BB9004F9B44 /* TermsOfUseController.swift in Sources */ = {isa = PBXBuildFile; fileRef = D137E8761CA95BB9004F9B44 /* TermsOfUseController.swift */; };
		D137E8791CA95C46004F9B44 /* AboutController.swift in Sources */ = {isa = PBXBuildFile; fileRef = D137E8781CA95C45004F9B44 /* AboutController.swift */; };
		D137EBDB1CC50F0600F2DCB3 /* CameraBackButton.png in Resources */ = {isa = PBXBuildFile; fileRef = D137EBD91CC50F0600F2DCB3 /* CameraBackButton.png */; };
		D137EBDC1CC50F0600F2DCB3 /* CameraBackButton@x3.png in Resources */ = {isa = PBXBuildFile; fileRef = D137EBDA1CC50F0600F2DCB3 /* CameraBackButton@x3.png */; };
		D139D46D1CA5675F00909BF5 /* SnapTimer.swift in Sources */ = {isa = PBXBuildFile; fileRef = D139D46C1CA5675F00909BF5 /* SnapTimer.swift */; };
		D139D4711CA77C7700909BF5 /* CaptureShape.swift in Sources */ = {isa = PBXBuildFile; fileRef = D139D4701CA77C7700909BF5 /* CaptureShape.swift */; };
		D13B0D481CA385BA0035759D /* CountryBackground.swift in Sources */ = {isa = PBXBuildFile; fileRef = D13B0D471CA385BA0035759D /* CountryBackground.swift */; };
		D13F42BF1CDAD6110011F12C /* LaunchImageCaptureButton.png in Resources */ = {isa = PBXBuildFile; fileRef = D13F42BD1CDAD6110011F12C /* LaunchImageCaptureButton.png */; };
		D13F42C01CDAD6110011F12C /* LaunchImageCaptureButton@x3.png in Resources */ = {isa = PBXBuildFile; fileRef = D13F42BE1CDAD6110011F12C /* LaunchImageCaptureButton@x3.png */; };
		D144F1DF1C43F6E300E07700 /* MapController.swift in Sources */ = {isa = PBXBuildFile; fileRef = D144F1DE1C43F6E300E07700 /* MapController.swift */; };
		D144F1E91C440F1700E07700 /* globe.png in Resources */ = {isa = PBXBuildFile; fileRef = D144F1E31C440F1700E07700 /* globe.png */; };
		D144F1EA1C440F1700E07700 /* globe@x3.png in Resources */ = {isa = PBXBuildFile; fileRef = D144F1E41C440F1700E07700 /* globe@x3.png */; };
		D144F1EB1C440F1700E07700 /* UserList.png in Resources */ = {isa = PBXBuildFile; fileRef = D144F1E51C440F1700E07700 /* UserList.png */; };
		D144F1EC1C440F1700E07700 /* UserList@x3.png in Resources */ = {isa = PBXBuildFile; fileRef = D144F1E61C440F1700E07700 /* UserList@x3.png */; };
		D144F1ED1C440F1700E07700 /* userSettings.png in Resources */ = {isa = PBXBuildFile; fileRef = D144F1E71C440F1700E07700 /* userSettings.png */; };
		D144F1EE1C440F1700E07700 /* userSettings@x3.png in Resources */ = {isa = PBXBuildFile; fileRef = D144F1E81C440F1700E07700 /* userSettings@x3.png */; };
		D144F1F11C4412D500E07700 /* CancelPhoto.png in Resources */ = {isa = PBXBuildFile; fileRef = D144F1EF1C4412D500E07700 /* CancelPhoto.png */; };
		D144F1F21C4412D500E07700 /* CancelPhoto@x3.png in Resources */ = {isa = PBXBuildFile; fileRef = D144F1F01C4412D500E07700 /* CancelPhoto@x3.png */; };
		D144F1F41C4414A300E07700 /* CameraSwitch@x3.png in Resources */ = {isa = PBXBuildFile; fileRef = D144F1F31C4414A300E07700 /* CameraSwitch@x3.png */; };
		D144F1F71C44178500E07700 /* SendPhoto.png in Resources */ = {isa = PBXBuildFile; fileRef = D144F1F51C44178500E07700 /* SendPhoto.png */; };
		D144F1F81C44178500E07700 /* SendPhoto@x3.png in Resources */ = {isa = PBXBuildFile; fileRef = D144F1F61C44178500E07700 /* SendPhoto@x3.png */; };
		D144F1FC1C44242600E07700 /* Zion Valley copy 2.png in Resources */ = {isa = PBXBuildFile; fileRef = D144F1FB1C44242600E07700 /* Zion Valley copy 2.png */; };
		D14907911C455F7500F2C635 /* Tangela.JPG in Resources */ = {isa = PBXBuildFile; fileRef = D14907901C455F7500F2C635 /* Tangela.JPG */; };
		D1494C121C6F6B9C00A386DE /* CountryPolyline.swift in Sources */ = {isa = PBXBuildFile; fileRef = D1494C111C6F6B9C00A386DE /* CountryPolyline.swift */; };
		D15241CB1C2B9CD100914FE8 /* SettingsTableController.swift in Sources */ = {isa = PBXBuildFile; fileRef = D15241CA1C2B9CD100914FE8 /* SettingsTableController.swift */; };
		D155EEE21CF21B2600E4A454 /* Countries.geojson in Resources */ = {isa = PBXBuildFile; fileRef = D155EEE11CF21B2600E4A454 /* Countries.geojson */; };
		D15A6C071CE2899000AB8611 /* BeaconRefresh.swift in Sources */ = {isa = PBXBuildFile; fileRef = D15A6C061CE2899000AB8611 /* BeaconRefresh.swift */; };
		D15BBFD21C7358AF00C0CC6E /* SnapController.swift in Sources */ = {isa = PBXBuildFile; fileRef = D15BBFD11C7358AF00C0CC6E /* SnapController.swift */; };
		D16D5CEB1CD99EB4005F401F /* Launch Screen.storyboard in Resources */ = {isa = PBXBuildFile; fileRef = D16D5CEA1CD99EB4005F401F /* Launch Screen.storyboard */; };
		D176D4731C852077004A812E /* Line.swift in Sources */ = {isa = PBXBuildFile; fileRef = D176D4721C852077004A812E /* Line.swift */; };
		D1785A561C3F68280020AD99 /* CameraController.swift in Sources */ = {isa = PBXBuildFile; fileRef = D1785A551C3F68280020AD99 /* CameraController.swift */; };
		D17A5F111C338BA000EE94DE /* CameraSwitch.png in Resources */ = {isa = PBXBuildFile; fileRef = D17A5F101C338BA000EE94DE /* CameraSwitch.png */; };
		D17B2CD61C977BA100CD6782 /* CountryTable.swift in Sources */ = {isa = PBXBuildFile; fileRef = D17B2CD51C977BA100CD6782 /* CountryTable.swift */; };
		D17EFBF81C6D679C0063F8D4 /* PrivacyPolicyController.swift in Sources */ = {isa = PBXBuildFile; fileRef = D17EFBF71C6D679C0063F8D4 /* PrivacyPolicyController.swift */; };
		D183BFA31CF76C1F00A9E08A /* SentBeacon.swift in Sources */ = {isa = PBXBuildFile; fileRef = D183BFA21CF76C1F00A9E08A /* SentBeacon.swift */; };
		D188D7B51C283A5F0066E773 /* SettingsController.swift in Sources */ = {isa = PBXBuildFile; fileRef = D188D7B41C283A5F0066E773 /* SettingsController.swift */; };
		D195159D1C7232F600053A22 /* VideoDelegate.swift in Sources */ = {isa = PBXBuildFile; fileRef = D195159C1C7232F600053A22 /* VideoDelegate.swift */; };
		D19A71031CEBFB08003B3E74 /* BeaconRefreshView.swift in Sources */ = {isa = PBXBuildFile; fileRef = D19A71021CEBFB08003B3E74 /* BeaconRefreshView.swift */; };
		D19E95E21C753473000106DE /* SporeTests.swift in Sources */ = {isa = PBXBuildFile; fileRef = D19E95E11C753473000106DE /* SporeTests.swift */; };
		D1A3E8A11C78F70A00E115FC /* TabBarController.swift in Sources */ = {isa = PBXBuildFile; fileRef = D1A3E8A01C78F70A00E115FC /* TabBarController.swift */; };
		D1A459791C3ABBFF00B35452 /* SettingsButton.png in Resources */ = {isa = PBXBuildFile; fileRef = D1A459781C3ABBFF00B35452 /* SettingsButton.png */; };
		D1AD47001CF7BF210028942F /* SentAnnotation.swift in Sources */ = {isa = PBXBuildFile; fileRef = D1AD46F91CF7BF210028942F /* SentAnnotation.swift */; };
		D1AD47011CF7BF210028942F /* SentAnnotationCluster.swift in Sources */ = {isa = PBXBuildFile; fileRef = D1AD46FA1CF7BF210028942F /* SentAnnotationCluster.swift */; };
		D1AD47021CF7BF210028942F /* SentAnnotationClusterView.swift in Sources */ = {isa = PBXBuildFile; fileRef = D1AD46FB1CF7BF210028942F /* SentAnnotationClusterView.swift */; };
		D1AD47031CF7BF210028942F /* FBBoundingBox.swift in Sources */ = {isa = PBXBuildFile; fileRef = D1AD46FC1CF7BF210028942F /* FBBoundingBox.swift */; };
		D1AD47041CF7BF210028942F /* SentClusteringManager.swift in Sources */ = {isa = PBXBuildFile; fileRef = D1AD46FD1CF7BF210028942F /* SentClusteringManager.swift */; };
		D1AD47051CF7BF210028942F /* FBQuadTree.swift in Sources */ = {isa = PBXBuildFile; fileRef = D1AD46FE1CF7BF210028942F /* FBQuadTree.swift */; };
		D1AD47061CF7BF210028942F /* FBQuadTreeNode.swift in Sources */ = {isa = PBXBuildFile; fileRef = D1AD46FF1CF7BF210028942F /* FBQuadTreeNode.swift */; };
		D1AD47091CF7C0FE0028942F /* ReceivedAnnotation.swift in Sources */ = {isa = PBXBuildFile; fileRef = D1AD47081CF7C0FE0028942F /* ReceivedAnnotation.swift */; };
		D1AD470B1CF7C18E0028942F /* ReceivedAnnotationClusterView.swift in Sources */ = {isa = PBXBuildFile; fileRef = D1AD470A1CF7C18E0028942F /* ReceivedAnnotationClusterView.swift */; };
		D1AD470D1CF7C6040028942F /* ReceivedClusteringManager.swift in Sources */ = {isa = PBXBuildFile; fileRef = D1AD470C1CF7C6040028942F /* ReceivedClusteringManager.swift */; };
		D1AD470F1CF7C70E0028942F /* ReceivedAnnotationCluster.swift in Sources */ = {isa = PBXBuildFile; fileRef = D1AD470E1CF7C70E0028942F /* ReceivedAnnotationCluster.swift */; };
		D1B49D381C5868400085EF2B /* UserListController.swift in Sources */ = {isa = PBXBuildFile; fileRef = D1B49D371C5868400085EF2B /* UserListController.swift */; };
		D1B9C71A1C2258B800D9AEE7 /* AppDelegate.swift in Sources */ = {isa = PBXBuildFile; fileRef = D1B9C7191C2258B800D9AEE7 /* AppDelegate.swift */; };
		D1B9C71C1C2258B800D9AEE7 /* LoginController.swift in Sources */ = {isa = PBXBuildFile; fileRef = D1B9C71B1C2258B800D9AEE7 /* LoginController.swift */; };
		D1B9C71F1C2258B800D9AEE7 /* Main.storyboard in Resources */ = {isa = PBXBuildFile; fileRef = D1B9C71D1C2258B800D9AEE7 /* Main.storyboard */; };
		D1B9C7211C2258B800D9AEE7 /* Assets.xcassets in Resources */ = {isa = PBXBuildFile; fileRef = D1B9C7201C2258B800D9AEE7 /* Assets.xcassets */; };
		D1B9C72C1C22608600D9AEE7 /* MainController.swift in Sources */ = {isa = PBXBuildFile; fileRef = D1B9C72B1C22608600D9AEE7 /* MainController.swift */; };
		D1C083E51C42003000A9C281 /* settingsButton@x3.png in Resources */ = {isa = PBXBuildFile; fileRef = D1C083E41C42003000A9C281 /* settingsButton@x3.png */; };
		D1D8A5491C5D3AA100E95BCE /* Settings.bundle in Resources */ = {isa = PBXBuildFile; fileRef = D1D8A5481C5D3AA100E95BCE /* Settings.bundle */; };
		D1DA41341CBD9FD9002585FF /* FocusShape.swift in Sources */ = {isa = PBXBuildFile; fileRef = D1DA41331CBD9FD9002585FF /* FocusShape.swift */; };
		D1DB75311CD6FA9E009690BE /* BeaconingIndicator.swift in Sources */ = {isa = PBXBuildFile; fileRef = D1DB75301CD6FA9E009690BE /* BeaconingIndicator.swift */; };
		D1E08D1F1C5D430E0070DA9A /* MapKit.framework in Frameworks */ = {isa = PBXBuildFile; fileRef = D1E08D1E1C5D430E0070DA9A /* MapKit.framework */; };
		D1E15E1A1CC5A1A300C27CDF /* ReceivedBeacon.swift in Sources */ = {isa = PBXBuildFile; fileRef = D1E15E191CC5A1A300C27CDF /* ReceivedBeacon.swift */; };
		D1EC295C1C2E1E850014DE7E /* Countries in Resources */ = {isa = PBXBuildFile; fileRef = D1EC295B1C2E1E850014DE7E /* Countries */; };
/* End PBXBuildFile section */

/* Begin PBXContainerItemProxy section */
		D19E95E41C753473000106DE /* PBXContainerItemProxy */ = {
			isa = PBXContainerItemProxy;
			containerPortal = D1B9C70E1C2258B800D9AEE7 /* Project object */;
			proxyType = 1;
			remoteGlobalIDString = D1B9C7151C2258B800D9AEE7;
			remoteInfo = Spore;
		};
/* End PBXContainerItemProxy section */

/* Begin PBXFileReference section */
		009B0B61EF1DEC35F92C2FAC /* Pods.framework */ = {isa = PBXFileReference; explicitFileType = wrapper.framework; includeInIndex = 0; path = Pods.framework; sourceTree = BUILT_PRODUCTS_DIR; };
		8AD4534980CEC18A6FB9004C /* Pods.release.xcconfig */ = {isa = PBXFileReference; includeInIndex = 1; lastKnownFileType = text.xcconfig; name = Pods.release.xcconfig; path = "Pods/Target Support Files/Pods/Pods.release.xcconfig"; sourceTree = "<group>"; };
		A24AE4AF9B2901968170A7F5 /* Pods.debug.xcconfig */ = {isa = PBXFileReference; includeInIndex = 1; lastKnownFileType = text.xcconfig; name = Pods.debug.xcconfig; path = "Pods/Target Support Files/Pods/Pods.debug.xcconfig"; sourceTree = "<group>"; };
		D133828C1CDAB23200347302 /* Logo@x58.png */ = {isa = PBXFileReference; lastKnownFileType = image.png; name = "Logo@x58.png"; path = "../../Spore Images/Logo/Logo@x58.png"; sourceTree = "<group>"; };
		D133828D1CDAB23200347302 /* Logo@x76.png */ = {isa = PBXFileReference; lastKnownFileType = image.png; name = "Logo@x76.png"; path = "../../Spore Images/Logo/Logo@x76.png"; sourceTree = "<group>"; };
		D133828E1CDAB23200347302 /* Logo@x80.png */ = {isa = PBXFileReference; lastKnownFileType = image.png; name = "Logo@x80.png"; path = "../../Spore Images/Logo/Logo@x80.png"; sourceTree = "<group>"; };
		D133828F1CDAB23200347302 /* Logo@x83.5.png */ = {isa = PBXFileReference; lastKnownFileType = image.png; name = "Logo@x83.5.png"; path = "../../Spore Images/Logo/Logo@x83.5.png"; sourceTree = "<group>"; };
		D13382901CDAB23200347302 /* Logo@x87.png */ = {isa = PBXFileReference; lastKnownFileType = image.png; name = "Logo@x87.png"; path = "../../Spore Images/Logo/Logo@x87.png"; sourceTree = "<group>"; };
		D13382911CDAB23200347302 /* Logo@x120.png */ = {isa = PBXFileReference; lastKnownFileType = image.png; name = "Logo@x120.png"; path = "../../Spore Images/Logo/Logo@x120.png"; sourceTree = "<group>"; };
		D13382981CDAB5E800347302 /* Logo@x180.png */ = {isa = PBXFileReference; lastKnownFileType = image.png; name = "Logo@x180.png"; path = "../../Spore Images/Logo/Logo@x180.png"; sourceTree = "<group>"; };
		D133829A1CDAB79500347302 /* Logo@x29.png */ = {isa = PBXFileReference; lastKnownFileType = image.png; name = "Logo@x29.png"; path = "../../Spore Images/Logo/Logo@x29.png"; sourceTree = "<group>"; };
		D133829C1CDAB97400347302 /* Logo@x57.png */ = {isa = PBXFileReference; lastKnownFileType = image.png; name = "Logo@x57.png"; path = "../../Spore Images/Logo/Logo@x57.png"; sourceTree = "<group>"; };
		D13382A01CDABA2500347302 /* Logo@x114.png */ = {isa = PBXFileReference; lastKnownFileType = image.png; name = "Logo@x114.png"; path = "../../Spore Images/Logo/Logo@x114.png"; sourceTree = "<group>"; };
		D13658971C55BC4A005AEC61 /* backButton.png */ = {isa = PBXFileReference; lastKnownFileType = image.png; name = backButton.png; path = "../../Spore Images/backButton.png"; sourceTree = "<group>"; };
		D13658981C55BC4A005AEC61 /* backButton@x3.png */ = {isa = PBXFileReference; lastKnownFileType = image.png; name = "backButton@x3.png"; path = "../../Spore Images/backButton@x3.png"; sourceTree = "<group>"; };
		D136589C1C55BF5C005AEC61 /* cameraButton.png */ = {isa = PBXFileReference; lastKnownFileType = image.png; name = cameraButton.png; path = "../../Spore Images/cameraButton.png"; sourceTree = "<group>"; };
		D136589D1C55BF5C005AEC61 /* cameraButton@x3.png */ = {isa = PBXFileReference; lastKnownFileType = image.png; name = "cameraButton@x3.png"; path = "../../Spore Images/cameraButton@x3.png"; sourceTree = "<group>"; };
		D1372FD31C959273009DCA29 /* flashDisabledButton.png */ = {isa = PBXFileReference; lastKnownFileType = image.png; path = flashDisabledButton.png; sourceTree = "<group>"; };
		D1372FD41C959274009DCA29 /* flashDisabledButton@x3.png */ = {isa = PBXFileReference; lastKnownFileType = image.png; path = "flashDisabledButton@x3.png"; sourceTree = "<group>"; };
		D1372FD51C959274009DCA29 /* flashEnabledButton.png */ = {isa = PBXFileReference; lastKnownFileType = image.png; path = flashEnabledButton.png; sourceTree = "<group>"; };
		D1372FD61C959274009DCA29 /* flashEnabledButton@x3.png */ = {isa = PBXFileReference; lastKnownFileType = image.png; path = "flashEnabledButton@x3.png"; sourceTree = "<group>"; };
		D137E8761CA95BB9004F9B44 /* TermsOfUseController.swift */ = {isa = PBXFileReference; fileEncoding = 4; lastKnownFileType = sourcecode.swift; path = TermsOfUseController.swift; sourceTree = SOURCE_ROOT; };
		D137E8781CA95C45004F9B44 /* AboutController.swift */ = {isa = PBXFileReference; fileEncoding = 4; lastKnownFileType = sourcecode.swift; path = AboutController.swift; sourceTree = SOURCE_ROOT; };
		D137EBD91CC50F0600F2DCB3 /* CameraBackButton.png */ = {isa = PBXFileReference; lastKnownFileType = image.png; name = CameraBackButton.png; path = "../../Spore Images/CameraBackButton.png"; sourceTree = "<group>"; };
		D137EBDA1CC50F0600F2DCB3 /* CameraBackButton@x3.png */ = {isa = PBXFileReference; lastKnownFileType = image.png; name = "CameraBackButton@x3.png"; path = "../../Spore Images/CameraBackButton@x3.png"; sourceTree = "<group>"; };
		D139D46C1CA5675F00909BF5 /* SnapTimer.swift */ = {isa = PBXFileReference; fileEncoding = 4; lastKnownFileType = sourcecode.swift; path = SnapTimer.swift; sourceTree = "<group>"; };
		D139D4701CA77C7700909BF5 /* CaptureShape.swift */ = {isa = PBXFileReference; fileEncoding = 4; lastKnownFileType = sourcecode.swift; path = CaptureShape.swift; sourceTree = "<group>"; };
		D13B0D471CA385BA0035759D /* CountryBackground.swift */ = {isa = PBXFileReference; fileEncoding = 4; lastKnownFileType = sourcecode.swift; path = CountryBackground.swift; sourceTree = "<group>"; };
		D13F42BD1CDAD6110011F12C /* LaunchImageCaptureButton.png */ = {isa = PBXFileReference; lastKnownFileType = image.png; name = LaunchImageCaptureButton.png; path = "../../Spore Images/LaunchImageCaptureButton.png"; sourceTree = "<group>"; };
		D13F42BE1CDAD6110011F12C /* LaunchImageCaptureButton@x3.png */ = {isa = PBXFileReference; lastKnownFileType = image.png; name = "LaunchImageCaptureButton@x3.png"; path = "../../Spore Images/LaunchImageCaptureButton@x3.png"; sourceTree = "<group>"; };
		D144F1DE1C43F6E300E07700 /* MapController.swift */ = {isa = PBXFileReference; fileEncoding = 4; lastKnownFileType = sourcecode.swift; path = MapController.swift; sourceTree = "<group>"; };
		D144F1E31C440F1700E07700 /* globe.png */ = {isa = PBXFileReference; lastKnownFileType = image.png; name = globe.png; path = "../../Spore Images/globe.png"; sourceTree = "<group>"; };
		D144F1E41C440F1700E07700 /* globe@x3.png */ = {isa = PBXFileReference; lastKnownFileType = image.png; name = "globe@x3.png"; path = "../../Spore Images/globe@x3.png"; sourceTree = "<group>"; };
		D144F1E51C440F1700E07700 /* UserList.png */ = {isa = PBXFileReference; lastKnownFileType = image.png; name = UserList.png; path = "../../Spore Images/UserList.png"; sourceTree = "<group>"; };
		D144F1E61C440F1700E07700 /* UserList@x3.png */ = {isa = PBXFileReference; lastKnownFileType = image.png; name = "UserList@x3.png"; path = "../../Spore Images/UserList@x3.png"; sourceTree = "<group>"; };
		D144F1E71C440F1700E07700 /* userSettings.png */ = {isa = PBXFileReference; lastKnownFileType = image.png; name = userSettings.png; path = "../../Spore Images/userSettings.png"; sourceTree = "<group>"; };
		D144F1E81C440F1700E07700 /* userSettings@x3.png */ = {isa = PBXFileReference; lastKnownFileType = image.png; name = "userSettings@x3.png"; path = "../../Spore Images/userSettings@x3.png"; sourceTree = "<group>"; };
		D144F1EF1C4412D500E07700 /* CancelPhoto.png */ = {isa = PBXFileReference; lastKnownFileType = image.png; name = CancelPhoto.png; path = "../../Spore Images/CancelPhoto.png"; sourceTree = "<group>"; };
		D144F1F01C4412D500E07700 /* CancelPhoto@x3.png */ = {isa = PBXFileReference; lastKnownFileType = image.png; name = "CancelPhoto@x3.png"; path = "../../Spore Images/CancelPhoto@x3.png"; sourceTree = "<group>"; };
		D144F1F31C4414A300E07700 /* CameraSwitch@x3.png */ = {isa = PBXFileReference; lastKnownFileType = image.png; name = "CameraSwitch@x3.png"; path = "../../Spore Images/CameraSwitch@x3.png"; sourceTree = "<group>"; };
		D144F1F51C44178500E07700 /* SendPhoto.png */ = {isa = PBXFileReference; lastKnownFileType = image.png; name = SendPhoto.png; path = "../../Spore Images/SendPhoto.png"; sourceTree = "<group>"; };
		D144F1F61C44178500E07700 /* SendPhoto@x3.png */ = {isa = PBXFileReference; lastKnownFileType = image.png; name = "SendPhoto@x3.png"; path = "../../Spore Images/SendPhoto@x3.png"; sourceTree = "<group>"; };
		D144F1FB1C44242600E07700 /* Zion Valley copy 2.png */ = {isa = PBXFileReference; lastKnownFileType = image.png; path = "Zion Valley copy 2.png"; sourceTree = SOURCE_ROOT; };
		D14907901C455F7500F2C635 /* Tangela.JPG */ = {isa = PBXFileReference; lastKnownFileType = image.jpeg; name = Tangela.JPG; path = "../../Spore Images/Tangela.JPG"; sourceTree = "<group>"; };
		D1494C111C6F6B9C00A386DE /* CountryPolyline.swift */ = {isa = PBXFileReference; fileEncoding = 4; lastKnownFileType = sourcecode.swift; path = CountryPolyline.swift; sourceTree = "<group>"; };
		D15241CA1C2B9CD100914FE8 /* SettingsTableController.swift */ = {isa = PBXFileReference; fileEncoding = 4; lastKnownFileType = sourcecode.swift; path = SettingsTableController.swift; sourceTree = "<group>"; };
		D155EEE11CF21B2600E4A454 /* Countries.geojson */ = {isa = PBXFileReference; fileEncoding = 4; lastKnownFileType = text; path = Countries.geojson; sourceTree = "<group>"; };
		D15A6C061CE2899000AB8611 /* BeaconRefresh.swift */ = {isa = PBXFileReference; fileEncoding = 4; lastKnownFileType = sourcecode.swift; path = BeaconRefresh.swift; sourceTree = "<group>"; };
		D15BBFD11C7358AF00C0CC6E /* SnapController.swift */ = {isa = PBXFileReference; fileEncoding = 4; lastKnownFileType = sourcecode.swift; path = SnapController.swift; sourceTree = "<group>"; };
		D16D5CEA1CD99EB4005F401F /* Launch Screen.storyboard */ = {isa = PBXFileReference; fileEncoding = 4; lastKnownFileType = file.storyboard; path = "Launch Screen.storyboard"; sourceTree = "<group>"; };
		D172F6671CA9FB9F00752CEF /* FBSDKCoreKit.framework */ = {isa = PBXFileReference; lastKnownFileType = wrapper.framework; name = FBSDKCoreKit.framework; path = "Pods/../build/Debug-iphoneos/FBSDKCoreKit.framework"; sourceTree = "<group>"; };
		D172F6681CA9FB9F00752CEF /* FBSDKLoginKit.framework */ = {isa = PBXFileReference; lastKnownFileType = wrapper.framework; name = FBSDKLoginKit.framework; path = "Pods/../build/Debug-iphoneos/FBSDKLoginKit.framework"; sourceTree = "<group>"; };
		D172F6691CA9FB9F00752CEF /* Parse.framework */ = {isa = PBXFileReference; lastKnownFileType = wrapper.framework; name = Parse.framework; path = "Pods/../build/Debug-iphoneos/Parse.framework"; sourceTree = "<group>"; };
		D172F66A1CA9FB9F00752CEF /* ParseUI.framework */ = {isa = PBXFileReference; lastKnownFileType = wrapper.framework; name = ParseUI.framework; path = "Pods/../build/Debug-iphoneos/ParseUI.framework"; sourceTree = "<group>"; };
		D176D4721C852077004A812E /* Line.swift */ = {isa = PBXFileReference; fileEncoding = 4; lastKnownFileType = sourcecode.swift; path = Line.swift; sourceTree = "<group>"; };
		D1785A551C3F68280020AD99 /* CameraController.swift */ = {isa = PBXFileReference; fileEncoding = 4; lastKnownFileType = sourcecode.swift; path = CameraController.swift; sourceTree = "<group>"; };
		D17A5F101C338BA000EE94DE /* CameraSwitch.png */ = {isa = PBXFileReference; lastKnownFileType = image.png; name = CameraSwitch.png; path = "../../Spore Images/CameraSwitch.png"; sourceTree = "<group>"; };
		D17B2CD51C977BA100CD6782 /* CountryTable.swift */ = {isa = PBXFileReference; fileEncoding = 4; lastKnownFileType = sourcecode.swift; path = CountryTable.swift; sourceTree = "<group>"; };
		D17EFBF71C6D679C0063F8D4 /* PrivacyPolicyController.swift */ = {isa = PBXFileReference; fileEncoding = 4; lastKnownFileType = sourcecode.swift; name = PrivacyPolicyController.swift; path = ../PrivacyPolicyController.swift; sourceTree = "<group>"; };
		D183BFA21CF76C1F00A9E08A /* SentBeacon.swift */ = {isa = PBXFileReference; fileEncoding = 4; lastKnownFileType = sourcecode.swift; path = SentBeacon.swift; sourceTree = "<group>"; };
		D188D7B41C283A5F0066E773 /* SettingsController.swift */ = {isa = PBXFileReference; fileEncoding = 4; lastKnownFileType = sourcecode.swift; path = SettingsController.swift; sourceTree = "<group>"; };
		D195159C1C7232F600053A22 /* VideoDelegate.swift */ = {isa = PBXFileReference; fileEncoding = 4; lastKnownFileType = sourcecode.swift; path = VideoDelegate.swift; sourceTree = "<group>"; };
		D19A71021CEBFB08003B3E74 /* BeaconRefreshView.swift */ = {isa = PBXFileReference; fileEncoding = 4; lastKnownFileType = sourcecode.swift; path = BeaconRefreshView.swift; sourceTree = "<group>"; };
		D19E95DF1C753473000106DE /* SporeTests.xctest */ = {isa = PBXFileReference; explicitFileType = wrapper.cfbundle; includeInIndex = 0; path = SporeTests.xctest; sourceTree = BUILT_PRODUCTS_DIR; };
		D19E95E11C753473000106DE /* SporeTests.swift */ = {isa = PBXFileReference; lastKnownFileType = sourcecode.swift; path = SporeTests.swift; sourceTree = "<group>"; };
		D19E95E31C753473000106DE /* Info.plist */ = {isa = PBXFileReference; lastKnownFileType = text.plist.xml; path = Info.plist; sourceTree = "<group>"; };
		D1A3E8A01C78F70A00E115FC /* TabBarController.swift */ = {isa = PBXFileReference; fileEncoding = 4; lastKnownFileType = sourcecode.swift; path = TabBarController.swift; sourceTree = "<group>"; };
		D1A459781C3ABBFF00B35452 /* SettingsButton.png */ = {isa = PBXFileReference; lastKnownFileType = image.png; name = SettingsButton.png; path = "../../Spore Images/SettingsButton.png"; sourceTree = "<group>"; };
		D1AD46F91CF7BF210028942F /* SentAnnotation.swift */ = {isa = PBXFileReference; fileEncoding = 4; lastKnownFileType = sourcecode.swift; path = SentAnnotation.swift; sourceTree = "<group>"; };
		D1AD46FA1CF7BF210028942F /* SentAnnotationCluster.swift */ = {isa = PBXFileReference; fileEncoding = 4; lastKnownFileType = sourcecode.swift; path = SentAnnotationCluster.swift; sourceTree = "<group>"; };
		D1AD46FB1CF7BF210028942F /* SentAnnotationClusterView.swift */ = {isa = PBXFileReference; fileEncoding = 4; lastKnownFileType = sourcecode.swift; path = SentAnnotationClusterView.swift; sourceTree = "<group>"; };
		D1AD46FC1CF7BF210028942F /* FBBoundingBox.swift */ = {isa = PBXFileReference; fileEncoding = 4; lastKnownFileType = sourcecode.swift; path = FBBoundingBox.swift; sourceTree = "<group>"; };
		D1AD46FD1CF7BF210028942F /* SentClusteringManager.swift */ = {isa = PBXFileReference; fileEncoding = 4; lastKnownFileType = sourcecode.swift; path = SentClusteringManager.swift; sourceTree = "<group>"; };
		D1AD46FE1CF7BF210028942F /* FBQuadTree.swift */ = {isa = PBXFileReference; fileEncoding = 4; lastKnownFileType = sourcecode.swift; path = FBQuadTree.swift; sourceTree = "<group>"; };
		D1AD46FF1CF7BF210028942F /* FBQuadTreeNode.swift */ = {isa = PBXFileReference; fileEncoding = 4; lastKnownFileType = sourcecode.swift; path = FBQuadTreeNode.swift; sourceTree = "<group>"; };
		D1AD47081CF7C0FE0028942F /* ReceivedAnnotation.swift */ = {isa = PBXFileReference; fileEncoding = 4; lastKnownFileType = sourcecode.swift; path = ReceivedAnnotation.swift; sourceTree = "<group>"; };
		D1AD470A1CF7C18E0028942F /* ReceivedAnnotationClusterView.swift */ = {isa = PBXFileReference; fileEncoding = 4; lastKnownFileType = sourcecode.swift; path = ReceivedAnnotationClusterView.swift; sourceTree = "<group>"; };
		D1AD470C1CF7C6040028942F /* ReceivedClusteringManager.swift */ = {isa = PBXFileReference; fileEncoding = 4; lastKnownFileType = sourcecode.swift; path = ReceivedClusteringManager.swift; sourceTree = "<group>"; };
		D1AD470E1CF7C70E0028942F /* ReceivedAnnotationCluster.swift */ = {isa = PBXFileReference; fileEncoding = 4; lastKnownFileType = sourcecode.swift; path = ReceivedAnnotationCluster.swift; sourceTree = "<group>"; };
		D1B49D371C5868400085EF2B /* UserListController.swift */ = {isa = PBXFileReference; fileEncoding = 4; lastKnownFileType = sourcecode.swift; path = UserListController.swift; sourceTree = "<group>"; };
		D1B9C7161C2258B800D9AEE7 /* Spore.app */ = {isa = PBXFileReference; explicitFileType = wrapper.application; includeInIndex = 0; path = Spore.app; sourceTree = BUILT_PRODUCTS_DIR; };
		D1B9C7191C2258B800D9AEE7 /* AppDelegate.swift */ = {isa = PBXFileReference; lastKnownFileType = sourcecode.swift; path = AppDelegate.swift; sourceTree = "<group>"; };
		D1B9C71B1C2258B800D9AEE7 /* LoginController.swift */ = {isa = PBXFileReference; lastKnownFileType = sourcecode.swift; path = LoginController.swift; sourceTree = "<group>"; };
		D1B9C71E1C2258B800D9AEE7 /* Base */ = {isa = PBXFileReference; lastKnownFileType = file.storyboard; name = Base; path = Base.lproj/Main.storyboard; sourceTree = "<group>"; };
		D1B9C7201C2258B800D9AEE7 /* Assets.xcassets */ = {isa = PBXFileReference; lastKnownFileType = folder.assetcatalog; path = Assets.xcassets; sourceTree = "<group>"; };
		D1B9C7251C2258B800D9AEE7 /* Info.plist */ = {isa = PBXFileReference; lastKnownFileType = text.plist.xml; path = Info.plist; sourceTree = "<group>"; };
		D1B9C72B1C22608600D9AEE7 /* MainController.swift */ = {isa = PBXFileReference; fileEncoding = 4; lastKnownFileType = sourcecode.swift; path = MainController.swift; sourceTree = "<group>"; };
		D1C083E41C42003000A9C281 /* settingsButton@x3.png */ = {isa = PBXFileReference; lastKnownFileType = image.png; name = "settingsButton@x3.png"; path = "../../Spore Images/settingsButton@x3.png"; sourceTree = "<group>"; };
		D1D8A5481C5D3AA100E95BCE /* Settings.bundle */ = {isa = PBXFileReference; lastKnownFileType = "wrapper.plug-in"; path = Settings.bundle; sourceTree = "<group>"; };
		D1DA41331CBD9FD9002585FF /* FocusShape.swift */ = {isa = PBXFileReference; fileEncoding = 4; lastKnownFileType = sourcecode.swift; path = FocusShape.swift; sourceTree = "<group>"; };
		D1DB75301CD6FA9E009690BE /* BeaconingIndicator.swift */ = {isa = PBXFileReference; fileEncoding = 4; lastKnownFileType = sourcecode.swift; path = BeaconingIndicator.swift; sourceTree = "<group>"; };
		D1E08D1E1C5D430E0070DA9A /* MapKit.framework */ = {isa = PBXFileReference; lastKnownFileType = wrapper.framework; name = MapKit.framework; path = System/Library/Frameworks/MapKit.framework; sourceTree = SDKROOT; };
		D1E15E191CC5A1A300C27CDF /* ReceivedBeacon.swift */ = {isa = PBXFileReference; fileEncoding = 4; lastKnownFileType = sourcecode.swift; path = ReceivedBeacon.swift; sourceTree = "<group>"; };
		D1EC295B1C2E1E850014DE7E /* Countries */ = {isa = PBXFileReference; lastKnownFileType = folder; name = Countries; path = ../../Countries; sourceTree = "<group>"; };
/* End PBXFileReference section */

/* Begin PBXFrameworksBuildPhase section */
		D19E95DC1C753473000106DE /* Frameworks */ = {
			isa = PBXFrameworksBuildPhase;
			buildActionMask = 2147483647;
			files = (
			);
			runOnlyForDeploymentPostprocessing = 0;
		};
		D1B9C7131C2258B800D9AEE7 /* Frameworks */ = {
			isa = PBXFrameworksBuildPhase;
			buildActionMask = 2147483647;
			files = (
				D1E08D1F1C5D430E0070DA9A /* MapKit.framework in Frameworks */,
				052155DA757B0752482E71BD /* Pods.framework in Frameworks */,
			);
			runOnlyForDeploymentPostprocessing = 0;
		};
/* End PBXFrameworksBuildPhase section */

/* Begin PBXGroup section */
		7004F287B6C8D91AAD51E180 /* Frameworks */ = {
			isa = PBXGroup;
			children = (
				D172F6671CA9FB9F00752CEF /* FBSDKCoreKit.framework */,
				D172F6681CA9FB9F00752CEF /* FBSDKLoginKit.framework */,
				D172F6691CA9FB9F00752CEF /* Parse.framework */,
				D172F66A1CA9FB9F00752CEF /* ParseUI.framework */,
				D1E08D1E1C5D430E0070DA9A /* MapKit.framework */,
				D1D8A5481C5D3AA100E95BCE /* Settings.bundle */,
				009B0B61EF1DEC35F92C2FAC /* Pods.framework */,
			);
			name = Frameworks;
			sourceTree = "<group>";
		};
		D136589B1C55BC59005AEC61 /* CameraButtons */ = {
			isa = PBXGroup;
			children = (
				D137EBD91CC50F0600F2DCB3 /* CameraBackButton.png */,
				D137EBDA1CC50F0600F2DCB3 /* CameraBackButton@x3.png */,
				D1372FD31C959273009DCA29 /* flashDisabledButton.png */,
				D1372FD41C959274009DCA29 /* flashDisabledButton@x3.png */,
				D1372FD51C959274009DCA29 /* flashEnabledButton.png */,
				D1372FD61C959274009DCA29 /* flashEnabledButton@x3.png */,
				D144F1F51C44178500E07700 /* SendPhoto.png */,
				D144F1F61C44178500E07700 /* SendPhoto@x3.png */,
				D17A5F101C338BA000EE94DE /* CameraSwitch.png */,
				D144F1F31C4414A300E07700 /* CameraSwitch@x3.png */,
				D144F1EF1C4412D500E07700 /* CancelPhoto.png */,
				D144F1F01C4412D500E07700 /* CancelPhoto@x3.png */,
				D13658971C55BC4A005AEC61 /* backButton.png */,
				D13658981C55BC4A005AEC61 /* backButton@x3.png */,
			);
			name = CameraButtons;
			sourceTree = "<group>";
		};
		D144F1E21C440DE700E07700 /* TabBarButtons */ = {
			isa = PBXGroup;
			children = (
				D136589C1C55BF5C005AEC61 /* cameraButton.png */,
				D136589D1C55BF5C005AEC61 /* cameraButton@x3.png */,
				D144F1E31C440F1700E07700 /* globe.png */,
				D144F1E41C440F1700E07700 /* globe@x3.png */,
				D144F1E51C440F1700E07700 /* UserList.png */,
				D144F1E61C440F1700E07700 /* UserList@x3.png */,
				D144F1E71C440F1700E07700 /* userSettings.png */,
				D144F1E81C440F1700E07700 /* userSettings@x3.png */,
			);
			name = TabBarButtons;
			sourceTree = "<group>";
		};
		D18AE6861C2DC24F00B74ED0 /* Images */ = {
			isa = PBXGroup;
			children = (
				D13F42BD1CDAD6110011F12C /* LaunchImageCaptureButton.png */,
				D13F42BE1CDAD6110011F12C /* LaunchImageCaptureButton@x3.png */,
				D13382A01CDABA2500347302 /* Logo@x114.png */,
				D133829C1CDAB97400347302 /* Logo@x57.png */,
				D133829A1CDAB79500347302 /* Logo@x29.png */,
				D133828C1CDAB23200347302 /* Logo@x58.png */,
				D133828D1CDAB23200347302 /* Logo@x76.png */,
				D133828E1CDAB23200347302 /* Logo@x80.png */,
				D133828F1CDAB23200347302 /* Logo@x83.5.png */,
				D13382901CDAB23200347302 /* Logo@x87.png */,
				D13382911CDAB23200347302 /* Logo@x120.png */,
				D13382981CDAB5E800347302 /* Logo@x180.png */,
				D136589B1C55BC59005AEC61 /* CameraButtons */,
				D14907901C455F7500F2C635 /* Tangela.JPG */,
				D144F1FB1C44242600E07700 /* Zion Valley copy 2.png */,
				D144F1E21C440DE700E07700 /* TabBarButtons */,
				D1EC295B1C2E1E850014DE7E /* Countries */,
				D1A459781C3ABBFF00B35452 /* SettingsButton.png */,
				D1C083E41C42003000A9C281 /* settingsButton@x3.png */,
			);
			name = Images;
			sourceTree = "<group>";
		};
		D19E95E01C753473000106DE /* SporeTests */ = {
			isa = PBXGroup;
			children = (
				D19E95E11C753473000106DE /* SporeTests.swift */,
				D19E95E31C753473000106DE /* Info.plist */,
			);
			path = SporeTests;
			sourceTree = "<group>";
		};
		D1AD47071CF7C0760028942F /* MapAnnotations */ = {
			isa = PBXGroup;
			children = (
				D1AD46F91CF7BF210028942F /* SentAnnotation.swift */,
				D1AD47081CF7C0FE0028942F /* ReceivedAnnotation.swift */,
				D1AD46FA1CF7BF210028942F /* SentAnnotationCluster.swift */,
				D1AD470E1CF7C70E0028942F /* ReceivedAnnotationCluster.swift */,
				D1AD46FB1CF7BF210028942F /* SentAnnotationClusterView.swift */,
				D1AD470A1CF7C18E0028942F /* ReceivedAnnotationClusterView.swift */,
				D1AD46FC1CF7BF210028942F /* FBBoundingBox.swift */,
				D1AD46FD1CF7BF210028942F /* SentClusteringManager.swift */,
				D1AD470C1CF7C6040028942F /* ReceivedClusteringManager.swift */,
				D1AD46FE1CF7BF210028942F /* FBQuadTree.swift */,
				D1AD46FF1CF7BF210028942F /* FBQuadTreeNode.swift */,
			);
			name = MapAnnotations;
			sourceTree = "<group>";
		};
		D1B9C70D1C2258B800D9AEE7 = {
			isa = PBXGroup;
			children = (
				D1B9C7181C2258B800D9AEE7 /* Spore */,
				D9CDAC2BB88D7D39085B896F /* Pods */,
				D19E95E01C753473000106DE /* SporeTests */,
				7004F287B6C8D91AAD51E180 /* Frameworks */,
			);
			sourceTree = "<group>";
		};
		D1B9C7171C2258B800D9AEE7 /* Products */ = {
			isa = PBXGroup;
			children = (
				D1B9C7161C2258B800D9AEE7 /* Spore.app */,
				D19E95DF1C753473000106DE /* SporeTests.xctest */,
			);
			name = Products;
			path = ..;
			sourceTree = "<group>";
		};
		D1B9C7181C2258B800D9AEE7 /* Spore */ = {
			isa = PBXGroup;
			children = (
				D1B9C7191C2258B800D9AEE7 /* AppDelegate.swift */,
				D1B9C71B1C2258B800D9AEE7 /* LoginController.swift */,
				D176D4721C852077004A812E /* Line.swift */,
				D17B2CD51C977BA100CD6782 /* CountryTable.swift */,
				D139D46C1CA5675F00909BF5 /* SnapTimer.swift */,
				D1DB75301CD6FA9E009690BE /* BeaconingIndicator.swift */,
				D15BBFD11C7358AF00C0CC6E /* SnapController.swift */,
				D1A3E8A01C78F70A00E115FC /* TabBarController.swift */,
				D1B9C72B1C22608600D9AEE7 /* MainController.swift */,
				D13B0D471CA385BA0035759D /* CountryBackground.swift */,
				D19A71021CEBFB08003B3E74 /* BeaconRefreshView.swift */,
				D15A6C061CE2899000AB8611 /* BeaconRefresh.swift */,
				D1B49D371C5868400085EF2B /* UserListController.swift */,
				D1E15E191CC5A1A300C27CDF /* ReceivedBeacon.swift */,
				D183BFA21CF76C1F00A9E08A /* SentBeacon.swift */,
				D1494C111C6F6B9C00A386DE /* CountryPolyline.swift */,
				D144F1DE1C43F6E300E07700 /* MapController.swift */,
				D1AD47071CF7C0760028942F /* MapAnnotations */,
				D139D4701CA77C7700909BF5 /* CaptureShape.swift */,
				D1DA41331CBD9FD9002585FF /* FocusShape.swift */,
				D1785A551C3F68280020AD99 /* CameraController.swift */,
				D195159C1C7232F600053A22 /* VideoDelegate.swift */,
				D188D7B41C283A5F0066E773 /* SettingsController.swift */,
				D15241CA1C2B9CD100914FE8 /* SettingsTableController.swift */,
				D17EFBF71C6D679C0063F8D4 /* PrivacyPolicyController.swift */,
				D137E8761CA95BB9004F9B44 /* TermsOfUseController.swift */,
				D137E8781CA95C45004F9B44 /* AboutController.swift */,
				D1B9C71D1C2258B800D9AEE7 /* Main.storyboard */,
				D16D5CEA1CD99EB4005F401F /* Launch Screen.storyboard */,
				D18AE6861C2DC24F00B74ED0 /* Images */,
				D1B9C7171C2258B800D9AEE7 /* Products */,
				D155EEE11CF21B2600E4A454 /* Countries.geojson */,
				D1B9C7201C2258B800D9AEE7 /* Assets.xcassets */,
				D1B9C7251C2258B800D9AEE7 /* Info.plist */,
			);
			path = Spore;
			sourceTree = "<group>";
		};
		D9CDAC2BB88D7D39085B896F /* Pods */ = {
			isa = PBXGroup;
			children = (
				A24AE4AF9B2901968170A7F5 /* Pods.debug.xcconfig */,
				8AD4534980CEC18A6FB9004C /* Pods.release.xcconfig */,
			);
			name = Pods;
			sourceTree = "<group>";
		};
/* End PBXGroup section */

/* Begin PBXNativeTarget section */
		D19E95DE1C753473000106DE /* SporeTests */ = {
			isa = PBXNativeTarget;
			buildConfigurationList = D19E95E81C753473000106DE /* Build configuration list for PBXNativeTarget "SporeTests" */;
			buildPhases = (
				D19E95DB1C753473000106DE /* Sources */,
				D19E95DC1C753473000106DE /* Frameworks */,
				D19E95DD1C753473000106DE /* Resources */,
			);
			buildRules = (
			);
			dependencies = (
				D19E95E51C753473000106DE /* PBXTargetDependency */,
			);
			name = SporeTests;
			productName = SporeTests;
			productReference = D19E95DF1C753473000106DE /* SporeTests.xctest */;
			productType = "com.apple.product-type.bundle.unit-test";
		};
		D1B9C7151C2258B800D9AEE7 /* Spore */ = {
			isa = PBXNativeTarget;
			buildConfigurationList = D1B9C7281C2258B800D9AEE7 /* Build configuration list for PBXNativeTarget "Spore" */;
			buildPhases = (
				490BAF45932680C93B50B17B /* Check Pods Manifest.lock */,
				D1B9C7121C2258B800D9AEE7 /* Sources */,
				D1B9C7131C2258B800D9AEE7 /* Frameworks */,
				D1B9C7141C2258B800D9AEE7 /* Resources */,
				68FBA8AD43D3EABB3BD213FF /* Embed Pods Frameworks */,
				3654485AB5D59460D49C1664 /* Copy Pods Resources */,
			);
			buildRules = (
			);
			dependencies = (
			);
			name = Spore;
			productName = Spore;
			productReference = D1B9C7161C2258B800D9AEE7 /* Spore.app */;
			productType = "com.apple.product-type.application";
		};
/* End PBXNativeTarget section */

/* Begin PBXProject section */
		D1B9C70E1C2258B800D9AEE7 /* Project object */ = {
			isa = PBXProject;
			attributes = {
				LastSwiftUpdateCheck = 0720;
				LastUpgradeCheck = 0710;
				ORGANIZATIONNAME = "Vikram Ramkumar";
				TargetAttributes = {
					D19E95DE1C753473000106DE = {
						CreatedOnToolsVersion = 7.2.1;
						TestTargetID = D1B9C7151C2258B800D9AEE7;
					};
					D1B9C7151C2258B800D9AEE7 = {
						CreatedOnToolsVersion = 7.1.1;
						DevelopmentTeam = 53738Y87UZ;
						SystemCapabilities = {
							com.apple.InAppPurchase = {
								enabled = 0;
							};
						};
					};
				};
			};
			buildConfigurationList = D1B9C7111C2258B800D9AEE7 /* Build configuration list for PBXProject "Spore" */;
			compatibilityVersion = "Xcode 3.2";
			developmentRegion = English;
			hasScannedForEncodings = 0;
			knownRegions = (
				en,
				Base,
				fr,
				"pt-BR",
			);
			mainGroup = D1B9C70D1C2258B800D9AEE7;
			productRefGroup = D1B9C7171C2258B800D9AEE7 /* Products */;
			projectDirPath = "";
			projectRoot = "";
			targets = (
				D1B9C7151C2258B800D9AEE7 /* Spore */,
				D19E95DE1C753473000106DE /* SporeTests */,
			);
		};
/* End PBXProject section */

/* Begin PBXResourcesBuildPhase section */
		D19E95DD1C753473000106DE /* Resources */ = {
			isa = PBXResourcesBuildPhase;
			buildActionMask = 2147483647;
			files = (
			);
			runOnlyForDeploymentPostprocessing = 0;
		};
		D1B9C7141C2258B800D9AEE7 /* Resources */ = {
			isa = PBXResourcesBuildPhase;
			buildActionMask = 2147483647;
			files = (
				D133829E1CDAB97400347302 /* Logo@x57.png in Resources */,
				D1372FD71C959274009DCA29 /* flashDisabledButton.png in Resources */,
				D13382971CDAB23200347302 /* Logo@x120.png in Resources */,
				D13F42C01CDAD6110011F12C /* LaunchImageCaptureButton@x3.png in Resources */,
				D13382961CDAB23200347302 /* Logo@x87.png in Resources */,
				D1372FD81C959274009DCA29 /* flashDisabledButton@x3.png in Resources */,
				D1372FDA1C959274009DCA29 /* flashEnabledButton@x3.png in Resources */,
				D144F1F21C4412D500E07700 /* CancelPhoto@x3.png in Resources */,
				D13382A11CDABA2500347302 /* Logo@x114.png in Resources */,
				D133829B1CDAB79500347302 /* Logo@x29.png in Resources */,
				D1C083E51C42003000A9C281 /* settingsButton@x3.png in Resources */,
				D144F1EB1C440F1700E07700 /* UserList.png in Resources */,
				D155EEE21CF21B2600E4A454 /* Countries.geojson in Resources */,
				D13658991C55BC4A005AEC61 /* backButton.png in Resources */,
				D16D5CEB1CD99EB4005F401F /* Launch Screen.storyboard in Resources */,
				D13382921CDAB23200347302 /* Logo@x58.png in Resources */,
				D136589A1C55BC4A005AEC61 /* backButton@x3.png in Resources */,
				D144F1FC1C44242600E07700 /* Zion Valley copy 2.png in Resources */,
				D13382941CDAB23200347302 /* Logo@x80.png in Resources */,
				D13F42BF1CDAD6110011F12C /* LaunchImageCaptureButton.png in Resources */,
				D1A459791C3ABBFF00B35452 /* SettingsButton.png in Resources */,
				D144F1ED1C440F1700E07700 /* userSettings.png in Resources */,
				D144F1F11C4412D500E07700 /* CancelPhoto.png in Resources */,
				D13382991CDAB5E800347302 /* Logo@x180.png in Resources */,
				D1372FD91C959274009DCA29 /* flashEnabledButton.png in Resources */,
				D17A5F111C338BA000EE94DE /* CameraSwitch.png in Resources */,
				D144F1EC1C440F1700E07700 /* UserList@x3.png in Resources */,
				D144F1E91C440F1700E07700 /* globe.png in Resources */,
				D137EBDC1CC50F0600F2DCB3 /* CameraBackButton@x3.png in Resources */,
				D13382951CDAB23200347302 /* Logo@x83.5.png in Resources */,
				D13382931CDAB23200347302 /* Logo@x76.png in Resources */,
				D1B9C7211C2258B800D9AEE7 /* Assets.xcassets in Resources */,
				D144F1F41C4414A300E07700 /* CameraSwitch@x3.png in Resources */,
				D14907911C455F7500F2C635 /* Tangela.JPG in Resources */,
				D1B9C71F1C2258B800D9AEE7 /* Main.storyboard in Resources */,
				D1EC295C1C2E1E850014DE7E /* Countries in Resources */,
				D136589E1C55BF5C005AEC61 /* cameraButton.png in Resources */,
				D144F1EA1C440F1700E07700 /* globe@x3.png in Resources */,
				D137EBDB1CC50F0600F2DCB3 /* CameraBackButton.png in Resources */,
				D144F1F81C44178500E07700 /* SendPhoto@x3.png in Resources */,
				D144F1F71C44178500E07700 /* SendPhoto.png in Resources */,
				D136589F1C55BF5C005AEC61 /* cameraButton@x3.png in Resources */,
				D1D8A5491C5D3AA100E95BCE /* Settings.bundle in Resources */,
				D144F1EE1C440F1700E07700 /* userSettings@x3.png in Resources */,
			);
			runOnlyForDeploymentPostprocessing = 0;
		};
/* End PBXResourcesBuildPhase section */

/* Begin PBXShellScriptBuildPhase section */
		3654485AB5D59460D49C1664 /* Copy Pods Resources */ = {
			isa = PBXShellScriptBuildPhase;
			buildActionMask = 2147483647;
			files = (
			);
			inputPaths = (
			);
			name = "Copy Pods Resources";
			outputPaths = (
			);
			runOnlyForDeploymentPostprocessing = 0;
			shellPath = /bin/sh;
			shellScript = "\"${SRCROOT}/Pods/Target Support Files/Pods/Pods-resources.sh\"\n";
			showEnvVarsInLog = 0;
		};
		490BAF45932680C93B50B17B /* Check Pods Manifest.lock */ = {
			isa = PBXShellScriptBuildPhase;
			buildActionMask = 2147483647;
			files = (
			);
			inputPaths = (
			);
			name = "Check Pods Manifest.lock";
			outputPaths = (
			);
			runOnlyForDeploymentPostprocessing = 0;
			shellPath = /bin/sh;
			shellScript = "diff \"${PODS_ROOT}/../Podfile.lock\" \"${PODS_ROOT}/Manifest.lock\" > /dev/null\nif [[ $? != 0 ]] ; then\n    cat << EOM\nerror: The sandbox is not in sync with the Podfile.lock. Run 'pod install' or update your CocoaPods installation.\nEOM\n    exit 1\nfi\n";
			showEnvVarsInLog = 0;
		};
		68FBA8AD43D3EABB3BD213FF /* Embed Pods Frameworks */ = {
			isa = PBXShellScriptBuildPhase;
			buildActionMask = 2147483647;
			files = (
			);
			inputPaths = (
			);
			name = "Embed Pods Frameworks";
			outputPaths = (
			);
			runOnlyForDeploymentPostprocessing = 0;
			shellPath = /bin/sh;
			shellScript = "\"${SRCROOT}/Pods/Target Support Files/Pods/Pods-frameworks.sh\"\n";
			showEnvVarsInLog = 0;
		};
/* End PBXShellScriptBuildPhase section */

/* Begin PBXSourcesBuildPhase section */
		D19E95DB1C753473000106DE /* Sources */ = {
			isa = PBXSourcesBuildPhase;
			buildActionMask = 2147483647;
			files = (
				D19E95E21C753473000106DE /* SporeTests.swift in Sources */,
			);
			runOnlyForDeploymentPostprocessing = 0;
		};
		D1B9C7121C2258B800D9AEE7 /* Sources */ = {
			isa = PBXSourcesBuildPhase;
			buildActionMask = 2147483647;
			files = (
				D1AD47001CF7BF210028942F /* SentAnnotation.swift in Sources */,
				D195159D1C7232F600053A22 /* VideoDelegate.swift in Sources */,
				D19A71031CEBFB08003B3E74 /* BeaconRefreshView.swift in Sources */,
				D139D4711CA77C7700909BF5 /* CaptureShape.swift in Sources */,
				D1494C121C6F6B9C00A386DE /* CountryPolyline.swift in Sources */,
				D17EFBF81C6D679C0063F8D4 /* PrivacyPolicyController.swift in Sources */,
				D1B9C71C1C2258B800D9AEE7 /* LoginController.swift in Sources */,
				D137E8771CA95BB9004F9B44 /* TermsOfUseController.swift in Sources */,
				D1B49D381C5868400085EF2B /* UserListController.swift in Sources */,
				D144F1DF1C43F6E300E07700 /* MapController.swift in Sources */,
				D1AD47021CF7BF210028942F /* SentAnnotationClusterView.swift in Sources */,
				D15241CB1C2B9CD100914FE8 /* SettingsTableController.swift in Sources */,
				D188D7B51C283A5F0066E773 /* SettingsController.swift in Sources */,
				D17B2CD61C977BA100CD6782 /* CountryTable.swift in Sources */,
				D137E8791CA95C46004F9B44 /* AboutController.swift in Sources */,
				D176D4731C852077004A812E /* Line.swift in Sources */,
				D15A6C071CE2899000AB8611 /* BeaconRefresh.swift in Sources */,
				D1E15E1A1CC5A1A300C27CDF /* ReceivedBeacon.swift in Sources */,
				D1B9C72C1C22608600D9AEE7 /* MainController.swift in Sources */,
				D1785A561C3F68280020AD99 /* CameraController.swift in Sources */,
				D183BFA31CF76C1F00A9E08A /* SentBeacon.swift in Sources */,
				D1DB75311CD6FA9E009690BE /* BeaconingIndicator.swift in Sources */,
				D1AD47031CF7BF210028942F /* FBBoundingBox.swift in Sources */,
				D1AD47041CF7BF210028942F /* SentClusteringManager.swift in Sources */,
				D139D46D1CA5675F00909BF5 /* SnapTimer.swift in Sources */,
				D13B0D481CA385BA0035759D /* CountryBackground.swift in Sources */,
				D1AD47061CF7BF210028942F /* FBQuadTreeNode.swift in Sources */,
				D1AD470F1CF7C70E0028942F /* ReceivedAnnotationCluster.swift in Sources */,
				D1AD47011CF7BF210028942F /* SentAnnotationCluster.swift in Sources */,
				D1AD470D1CF7C6040028942F /* ReceivedClusteringManager.swift in Sources */,
				D1AD470B1CF7C18E0028942F /* ReceivedAnnotationClusterView.swift in Sources */,
				D1A3E8A11C78F70A00E115FC /* TabBarController.swift in Sources */,
				D15BBFD21C7358AF00C0CC6E /* SnapController.swift in Sources */,
				D1DA41341CBD9FD9002585FF /* FocusShape.swift in Sources */,
				D1B9C71A1C2258B800D9AEE7 /* AppDelegate.swift in Sources */,
				D1AD47051CF7BF210028942F /* FBQuadTree.swift in Sources */,
				D1AD47091CF7C0FE0028942F /* ReceivedAnnotation.swift in Sources */,
			);
			runOnlyForDeploymentPostprocessing = 0;
		};
/* End PBXSourcesBuildPhase section */

/* Begin PBXTargetDependency section */
		D19E95E51C753473000106DE /* PBXTargetDependency */ = {
			isa = PBXTargetDependency;
			target = D1B9C7151C2258B800D9AEE7 /* Spore */;
			targetProxy = D19E95E41C753473000106DE /* PBXContainerItemProxy */;
		};
/* End PBXTargetDependency section */

/* Begin PBXVariantGroup section */
		D1B9C71D1C2258B800D9AEE7 /* Main.storyboard */ = {
			isa = PBXVariantGroup;
			children = (
				D1B9C71E1C2258B800D9AEE7 /* Base */,
			);
			name = Main.storyboard;
			sourceTree = "<group>";
		};
/* End PBXVariantGroup section */

/* Begin XCBuildConfiguration section */
		D19E95E61C753473000106DE /* Debug */ = {
			isa = XCBuildConfiguration;
			buildSettings = {
				BUNDLE_LOADER = "$(TEST_HOST)";
				INFOPLIST_FILE = SporeTests/Info.plist;
				IPHONEOS_DEPLOYMENT_TARGET = 9.2;
				LD_RUNPATH_SEARCH_PATHS = "$(inherited) @executable_path/Frameworks @loader_path/Frameworks";
				PRODUCT_BUNDLE_IDENTIFIER = com.vikram.SporeTests;
				PRODUCT_NAME = "$(TARGET_NAME)";
				TEST_HOST = "$(BUILT_PRODUCTS_DIR)/Spore.app/Spore";
			};
			name = Debug;
		};
		D19E95E71C753473000106DE /* Release */ = {
			isa = XCBuildConfiguration;
			buildSettings = {
				BUNDLE_LOADER = "$(TEST_HOST)";
				INFOPLIST_FILE = SporeTests/Info.plist;
				IPHONEOS_DEPLOYMENT_TARGET = 9.2;
				LD_RUNPATH_SEARCH_PATHS = "$(inherited) @executable_path/Frameworks @loader_path/Frameworks";
				PRODUCT_BUNDLE_IDENTIFIER = com.vikram.SporeTests;
				PRODUCT_NAME = "$(TARGET_NAME)";
				TEST_HOST = "$(BUILT_PRODUCTS_DIR)/Spore.app/Spore";
			};
			name = Release;
		};
		D1B9C7261C2258B800D9AEE7 /* Debug */ = {
			isa = XCBuildConfiguration;
			buildSettings = {
				ALWAYS_SEARCH_USER_PATHS = NO;
				CLANG_CXX_LANGUAGE_STANDARD = "gnu++0x";
				CLANG_CXX_LIBRARY = "libc++";
				CLANG_ENABLE_MODULES = YES;
				CLANG_ENABLE_OBJC_ARC = YES;
				CLANG_WARN_BOOL_CONVERSION = YES;
				CLANG_WARN_CONSTANT_CONVERSION = YES;
				CLANG_WARN_DIRECT_OBJC_ISA_USAGE = YES_ERROR;
				CLANG_WARN_EMPTY_BODY = YES;
				CLANG_WARN_ENUM_CONVERSION = YES;
				CLANG_WARN_INT_CONVERSION = YES;
				CLANG_WARN_OBJC_ROOT_CLASS = YES_ERROR;
				CLANG_WARN_UNREACHABLE_CODE = YES;
				CLANG_WARN__DUPLICATE_METHOD_MATCH = YES;
				"CODE_SIGN_IDENTITY[sdk=iphoneos*]" = "iPhone Developer";
				COPY_PHASE_STRIP = NO;
				DEBUG_INFORMATION_FORMAT = dwarf;
				ENABLE_STRICT_OBJC_MSGSEND = YES;
				ENABLE_TESTABILITY = YES;
				GCC_C_LANGUAGE_STANDARD = gnu99;
				GCC_DYNAMIC_NO_PIC = NO;
				GCC_NO_COMMON_BLOCKS = YES;
				GCC_OPTIMIZATION_LEVEL = 0;
				GCC_PREPROCESSOR_DEFINITIONS = (
					"DEBUG=1",
					"$(inherited)",
				);
				GCC_WARN_64_TO_32_BIT_CONVERSION = YES;
				GCC_WARN_ABOUT_RETURN_TYPE = YES_ERROR;
				GCC_WARN_UNDECLARED_SELECTOR = YES;
				GCC_WARN_UNINITIALIZED_AUTOS = YES_AGGRESSIVE;
				GCC_WARN_UNUSED_FUNCTION = YES;
				GCC_WARN_UNUSED_VARIABLE = YES;
				IPHONEOS_DEPLOYMENT_TARGET = 9.1;
				MTL_ENABLE_DEBUG_INFO = YES;
				ONLY_ACTIVE_ARCH = YES;
				SDKROOT = iphoneos;
				SWIFT_OPTIMIZATION_LEVEL = "-Onone";
			};
			name = Debug;
		};
		D1B9C7271C2258B800D9AEE7 /* Release */ = {
			isa = XCBuildConfiguration;
			buildSettings = {
				ALWAYS_SEARCH_USER_PATHS = NO;
				CLANG_CXX_LANGUAGE_STANDARD = "gnu++0x";
				CLANG_CXX_LIBRARY = "libc++";
				CLANG_ENABLE_MODULES = YES;
				CLANG_ENABLE_OBJC_ARC = YES;
				CLANG_WARN_BOOL_CONVERSION = YES;
				CLANG_WARN_CONSTANT_CONVERSION = YES;
				CLANG_WARN_DIRECT_OBJC_ISA_USAGE = YES_ERROR;
				CLANG_WARN_EMPTY_BODY = YES;
				CLANG_WARN_ENUM_CONVERSION = YES;
				CLANG_WARN_INT_CONVERSION = YES;
				CLANG_WARN_OBJC_ROOT_CLASS = YES_ERROR;
				CLANG_WARN_UNREACHABLE_CODE = YES;
				CLANG_WARN__DUPLICATE_METHOD_MATCH = YES;
				"CODE_SIGN_IDENTITY[sdk=iphoneos*]" = "iPhone Developer";
				COPY_PHASE_STRIP = NO;
				DEBUG_INFORMATION_FORMAT = "dwarf-with-dsym";
				ENABLE_NS_ASSERTIONS = NO;
				ENABLE_STRICT_OBJC_MSGSEND = YES;
				GCC_C_LANGUAGE_STANDARD = gnu99;
				GCC_NO_COMMON_BLOCKS = YES;
				GCC_WARN_64_TO_32_BIT_CONVERSION = YES;
				GCC_WARN_ABOUT_RETURN_TYPE = YES_ERROR;
				GCC_WARN_UNDECLARED_SELECTOR = YES;
				GCC_WARN_UNINITIALIZED_AUTOS = YES_AGGRESSIVE;
				GCC_WARN_UNUSED_FUNCTION = YES;
				GCC_WARN_UNUSED_VARIABLE = YES;
				IPHONEOS_DEPLOYMENT_TARGET = 9.1;
				MTL_ENABLE_DEBUG_INFO = NO;
				SDKROOT = iphoneos;
				VALIDATE_PRODUCT = YES;
			};
			name = Release;
		};
		D1B9C7291C2258B800D9AEE7 /* Debug */ = {
			isa = XCBuildConfiguration;
			baseConfigurationReference = A24AE4AF9B2901968170A7F5 /* Pods.debug.xcconfig */;
			buildSettings = {
				ASSETCATALOG_COMPILER_APPICON_NAME = AppIcon;
				CODE_SIGN_IDENTITY = "iPhone Developer";
				"CODE_SIGN_IDENTITY[sdk=iphoneos*]" = "iPhone Developer";
				COMPRESS_PNG_FILES = NO;
				FRAMEWORK_SEARCH_PATHS = (
					"$(inherited)",
					"$(PROJECT_DIR)/Spore",
				);
				INFOPLIST_FILE = Spore/Info.plist;
				LD_RUNPATH_SEARCH_PATHS = "$(inherited) @executable_path/Frameworks";
				PRODUCT_BUNDLE_IDENTIFIER = com.vikram.Spore;
				PRODUCT_NAME = "$(TARGET_NAME)";
				PROVISIONING_PROFILE = "";
				SWIFT_OBJC_BRIDGING_HEADER = "Spore/Spore-Bridging-Header.h";
				TARGETED_DEVICE_FAMILY = 1;
			};
			name = Debug;
		};
		D1B9C72A1C2258B800D9AEE7 /* Release */ = {
			isa = XCBuildConfiguration;
			baseConfigurationReference = 8AD4534980CEC18A6FB9004C /* Pods.release.xcconfig */;
			buildSettings = {
				ASSETCATALOG_COMPILER_APPICON_NAME = AppIcon;
				CODE_SIGN_IDENTITY = "iPhone Developer";
				"CODE_SIGN_IDENTITY[sdk=iphoneos*]" = "iPhone Developer";
				COMPRESS_PNG_FILES = NO;
				FRAMEWORK_SEARCH_PATHS = (
					"$(inherited)",
					"$(PROJECT_DIR)/Spore",
				);
				INFOPLIST_FILE = Spore/Info.plist;
				LD_RUNPATH_SEARCH_PATHS = "$(inherited) @executable_path/Frameworks";
				PRODUCT_BUNDLE_IDENTIFIER = com.vikram.Spore;
				PRODUCT_NAME = "$(TARGET_NAME)";
				PROVISIONING_PROFILE = "";
				SWIFT_OBJC_BRIDGING_HEADER = "Spore/Spore-Bridging-Header.h";
				TARGETED_DEVICE_FAMILY = 1;
			};
			name = Release;
		};
/* End XCBuildConfiguration section */

/* Begin XCConfigurationList section */
		D19E95E81C753473000106DE /* Build configuration list for PBXNativeTarget "SporeTests" */ = {
			isa = XCConfigurationList;
			buildConfigurations = (
				D19E95E61C753473000106DE /* Debug */,
				D19E95E71C753473000106DE /* Release */,
			);
			defaultConfigurationIsVisible = 0;
			defaultConfigurationName = Release;
		};
		D1B9C7111C2258B800D9AEE7 /* Build configuration list for PBXProject "Spore" */ = {
			isa = XCConfigurationList;
			buildConfigurations = (
				D1B9C7261C2258B800D9AEE7 /* Debug */,
				D1B9C7271C2258B800D9AEE7 /* Release */,
			);
			defaultConfigurationIsVisible = 0;
			defaultConfigurationName = Release;
		};
		D1B9C7281C2258B800D9AEE7 /* Build configuration list for PBXNativeTarget "Spore" */ = {
			isa = XCConfigurationList;
			buildConfigurations = (
				D1B9C7291C2258B800D9AEE7 /* Debug */,
				D1B9C72A1C2258B800D9AEE7 /* Release */,
			);
			defaultConfigurationIsVisible = 0;
			defaultConfigurationName = Release;
		};
/* End XCConfigurationList section */
	};
	rootObject = D1B9C70E1C2258B800D9AEE7 /* Project object */;
}
